// !$*UTF8*$!
{
	archiveVersion = 1;
	classes = {
	};
	objectVersion = 46;
	objects = {

/* Begin PBXBuildFile section */
		2C8A94911AA7DD4600DBC564 /* AppDelegate.swift in Sources */ = {isa = PBXBuildFile; fileRef = 2C8A94901AA7DD4600DBC564 /* AppDelegate.swift */; };
		2C8A94931AA7DD4600DBC564 /* ViewController.swift in Sources */ = {isa = PBXBuildFile; fileRef = 2C8A94921AA7DD4600DBC564 /* ViewController.swift */; };
		2C8A94961AA7DD4600DBC564 /* Main.storyboard in Resources */ = {isa = PBXBuildFile; fileRef = 2C8A94941AA7DD4600DBC564 /* Main.storyboard */; };
		2C8A94981AA7DD4600DBC564 /* Images.xcassets in Resources */ = {isa = PBXBuildFile; fileRef = 2C8A94971AA7DD4600DBC564 /* Images.xcassets */; };
		2C8A949B1AA7DD4600DBC564 /* LaunchScreen.xib in Resources */ = {isa = PBXBuildFile; fileRef = 2C8A94991AA7DD4600DBC564 /* LaunchScreen.xib */; };
		2C8A94A71AA7DD4600DBC564 /* FileViewerTests.swift in Sources */ = {isa = PBXBuildFile; fileRef = 2C8A94A61AA7DD4600DBC564 /* FileViewerTests.swift */; };
/* End PBXBuildFile section */

/* Begin PBXContainerItemProxy section */
		2C8A94A11AA7DD4600DBC564 /* PBXContainerItemProxy */ = {
			isa = PBXContainerItemProxy;
			containerPortal = 2C8A94831AA7DD4600DBC564 /* Project object */;
			proxyType = 1;
			remoteGlobalIDString = 2C8A948A1AA7DD4600DBC564;
			remoteInfo = FileViewer;
		};
/* End PBXContainerItemProxy section */

/* Begin PBXFileReference section */
		2C8A948B1AA7DD4600DBC564 /* FileViewer.app */ = {isa = PBXFileReference; explicitFileType = wrapper.application; includeInIndex = 0; path = FileViewer.app; sourceTree = BUILT_PRODUCTS_DIR; };
		2C8A948F1AA7DD4600DBC564 /* Info.plist */ = {isa = PBXFileReference; lastKnownFileType = text.plist.xml; path = Info.plist; sourceTree = "<group>"; };
		2C8A94901AA7DD4600DBC564 /* AppDelegate.swift */ = {isa = PBXFileReference; lastKnownFileType = sourcecode.swift; path = AppDelegate.swift; sourceTree = "<group>"; };
		2C8A94921AA7DD4600DBC564 /* ViewController.swift */ = {isa = PBXFileReference; lastKnownFileType = sourcecode.swift; path = ViewController.swift; sourceTree = "<group>"; };
		2C8A94951AA7DD4600DBC564 /* Base */ = {isa = PBXFileReference; lastKnownFileType = file.storyboard; name = Base; path = Base.lproj/Main.storyboard; sourceTree = "<group>"; };
		2C8A94971AA7DD4600DBC564 /* Images.xcassets */ = {isa = PBXFileReference; lastKnownFileType = folder.assetcatalog; path = Images.xcassets; sourceTree = "<group>"; };
		2C8A949A1AA7DD4600DBC564 /* Base */ = {isa = PBXFileReference; lastKnownFileType = file.xib; name = Base; path = Base.lproj/LaunchScreen.xib; sourceTree = "<group>"; };
		2C8A94A01AA7DD4600DBC564 /* FileViewerTests.xctest */ = {isa = PBXFileReference; explicitFileType = wrapper.cfbundle; includeInIndex = 0; path = FileViewerTests.xctest; sourceTree = BUILT_PRODUCTS_DIR; };
		2C8A94A51AA7DD4600DBC564 /* Info.plist */ = {isa = PBXFileReference; lastKnownFileType = text.plist.xml; path = Info.plist; sourceTree = "<group>"; };
		2C8A94A61AA7DD4600DBC564 /* FileViewerTests.swift */ = {isa = PBXFileReference; lastKnownFileType = sourcecode.swift; path = FileViewerTests.swift; sourceTree = "<group>"; };
/* End PBXFileReference section */

/* Begin PBXFrameworksBuildPhase section */
		2C8A94881AA7DD4600DBC564 /* Frameworks */ = {
			isa = PBXFrameworksBuildPhase;
			buildActionMask = 2147483647;
			files = (
			);
			runOnlyForDeploymentPostprocessing = 0;
		};
		2C8A949D1AA7DD4600DBC564 /* Frameworks */ = {
			isa = PBXFrameworksBuildPhase;
			buildActionMask = 2147483647;
			files = (
			);
			runOnlyForDeploymentPostprocessing = 0;
		};
/* End PBXFrameworksBuildPhase section */

/* Begin PBXGroup section */
		2C8A94821AA7DD4600DBC564 = {
			isa = PBXGroup;
			children = (
				2C8A948D1AA7DD4600DBC564 /* FileViewer */,
				2C8A94A31AA7DD4600DBC564 /* FileViewerTests */,
				2C8A948C1AA7DD4600DBC564 /* Products */,
			);
			sourceTree = "<group>";
		};
		2C8A948C1AA7DD4600DBC564 /* Products */ = {
			isa = PBXGroup;
			children = (
				2C8A948B1AA7DD4600DBC564 /* FileViewer.app */,
				2C8A94A01AA7DD4600DBC564 /* FileViewerTests.xctest */,
			);
			name = Products;
			sourceTree = "<group>";
		};
		2C8A948D1AA7DD4600DBC564 /* FileViewer */ = {
			isa = PBXGroup;
			children = (
				2C8A94901AA7DD4600DBC564 /* AppDelegate.swift */,
				2C8A94921AA7DD4600DBC564 /* ViewController.swift */,
				2C8A94941AA7DD4600DBC564 /* Main.storyboard */,
				2C8A94971AA7DD4600DBC564 /* Images.xcassets */,
				2C8A94991AA7DD4600DBC564 /* LaunchScreen.xib */,
				2C8A948E1AA7DD4600DBC564 /* Supporting Files */,
			);
			path = FileViewer;
			sourceTree = "<group>";
		};
		2C8A948E1AA7DD4600DBC564 /* Supporting Files */ = {
			isa = PBXGroup;
			children = (
				2C8A948F1AA7DD4600DBC564 /* Info.plist */,
			);
			name = "Supporting Files";
			sourceTree = "<group>";
		};
		2C8A94A31AA7DD4600DBC564 /* FileViewerTests */ = {
			isa = PBXGroup;
			children = (
				2C8A94A61AA7DD4600DBC564 /* FileViewerTests.swift */,
				2C8A94A41AA7DD4600DBC564 /* Supporting Files */,
			);
			path = FileViewerTests;
			sourceTree = "<group>";
		};
		2C8A94A41AA7DD4600DBC564 /* Supporting Files */ = {
			isa = PBXGroup;
			children = (
				2C8A94A51AA7DD4600DBC564 /* Info.plist */,
			);
			name = "Supporting Files";
			sourceTree = "<group>";
		};
/* End PBXGroup section */

/* Begin PBXNativeTarget section */
		2C8A948A1AA7DD4600DBC564 /* FileViewer */ = {
			isa = PBXNativeTarget;
			buildConfigurationList = 2C8A94AA1AA7DD4600DBC564 /* Build configuration list for PBXNativeTarget "FileViewer" */;
			buildPhases = (
				2C8A94871AA7DD4600DBC564 /* Sources */,
				2C8A94881AA7DD4600DBC564 /* Frameworks */,
				2C8A94891AA7DD4600DBC564 /* Resources */,
			);
			buildRules = (
			);
			dependencies = (
			);
			name = FileViewer;
			productName = FileViewer;
			productReference = 2C8A948B1AA7DD4600DBC564 /* FileViewer.app */;
			productType = "com.apple.product-type.application";
		};
		2C8A949F1AA7DD4600DBC564 /* FileViewerTests */ = {
			isa = PBXNativeTarget;
			buildConfigurationList = 2C8A94AD1AA7DD4600DBC564 /* Build configuration list for PBXNativeTarget "FileViewerTests" */;
			buildPhases = (
				2C8A949C1AA7DD4600DBC564 /* Sources */,
				2C8A949D1AA7DD4600DBC564 /* Frameworks */,
				2C8A949E1AA7DD4600DBC564 /* Resources */,
			);
			buildRules = (
			);
			dependencies = (
				2C8A94A21AA7DD4600DBC564 /* PBXTargetDependency */,
			);
			name = FileViewerTests;
			productName = FileViewerTests;
			productReference = 2C8A94A01AA7DD4600DBC564 /* FileViewerTests.xctest */;
			productType = "com.apple.product-type.bundle.unit-test";
		};
/* End PBXNativeTarget section */

/* Begin PBXProject section */
		2C8A94831AA7DD4600DBC564 /* Project object */ = {
			isa = PBXProject;
			attributes = {
				LastUpgradeCheck = 0610;
				ORGANIZATIONNAME = "Taro Kobayashi";
				TargetAttributes = {
					2C8A948A1AA7DD4600DBC564 = {
						CreatedOnToolsVersion = 6.1.1;
					};
					2C8A949F1AA7DD4600DBC564 = {
						CreatedOnToolsVersion = 6.1.1;
						TestTargetID = 2C8A948A1AA7DD4600DBC564;
					};
				};
			};
			buildConfigurationList = 2C8A94861AA7DD4600DBC564 /* Build configuration list for PBXProject "FileViewer" */;
			compatibilityVersion = "Xcode 3.2";
			developmentRegion = English;
			hasScannedForEncodings = 0;
			knownRegions = (
				en,
				Base,
			);
			mainGroup = 2C8A94821AA7DD4600DBC564;
			productRefGroup = 2C8A948C1AA7DD4600DBC564 /* Products */;
			projectDirPath = "";
			projectRoot = "";
			targets = (
				2C8A948A1AA7DD4600DBC564 /* FileViewer */,
				2C8A949F1AA7DD4600DBC564 /* FileViewerTests */,
			);
		};
/* End PBXProject section */

/* Begin PBXResourcesBuildPhase section */
		2C8A94891AA7DD4600DBC564 /* Resources */ = {
			isa = PBXResourcesBuildPhase;
			buildActionMask = 2147483647;
			files = (
				2C8A94961AA7DD4600DBC564 /* Main.storyboard in Resources */,
				2C8A949B1AA7DD4600DBC564 /* LaunchScreen.xib in Resources */,
				2C8A94981AA7DD4600DBC564 /* Images.xcassets in Resources */,
			);
			runOnlyForDeploymentPostprocessing = 0;
		};
		2C8A949E1AA7DD4600DBC564 /* Resources */ = {
			isa = PBXResourcesBuildPhase;
			buildActionMask = 2147483647;
			files = (
			);
			runOnlyForDeploymentPostprocessing = 0;
		};
/* End PBXResourcesBuildPhase section */

/* Begin PBXSourcesBuildPhase section */
		2C8A94871AA7DD4600DBC564 /* Sources */ = {
			isa = PBXSourcesBuildPhase;
			buildActionMask = 2147483647;
			files = (
				2C8A94931AA7DD4600DBC564 /* ViewController.swift in Sources */,
				2C8A94911AA7DD4600DBC564 /* AppDelegate.swift in Sources */,
			);
			runOnlyForDeploymentPostprocessing = 0;
		};
		2C8A949C1AA7DD4600DBC564 /* Sources */ = {
			isa = PBXSourcesBuildPhase;
			buildActionMask = 2147483647;
			files = (
				2C8A94A71AA7DD4600DBC564 /* FileViewerTests.swift in Sources */,
			);
			runOnlyForDeploymentPostprocessing = 0;
		};
/* End PBXSourcesBuildPhase section */

/* Begin PBXTargetDependency section */
		2C8A94A21AA7DD4600DBC564 /* PBXTargetDependency */ = {
			isa = PBXTargetDependency;
			target = 2C8A948A1AA7DD4600DBC564 /* FileViewer */;
			targetProxy = 2C8A94A11AA7DD4600DBC564 /* PBXContainerItemProxy */;
		};
/* End PBXTargetDependency section */

/* Begin PBXVariantGroup section */
		2C8A94941AA7DD4600DBC564 /* Main.storyboard */ = {
			isa = PBXVariantGroup;
			children = (
				2C8A94951AA7DD4600DBC564 /* Base */,
			);
			name = Main.storyboard;
			sourceTree = "<group>";
		};
		2C8A94991AA7DD4600DBC564 /* LaunchScreen.xib */ = {
			isa = PBXVariantGroup;
			children = (
				2C8A949A1AA7DD4600DBC564 /* Base */,
			);
			name = LaunchScreen.xib;
			sourceTree = "<group>";
		};
/* End PBXVariantGroup section */

/* Begin XCBuildConfiguration section */
		2C8A94A81AA7DD4600DBC564 /* Debug */ = {
			isa = XCBuildConfiguration;
			buildSettings = {
				ALWAYS_SEARCH_USER_PATHS = NO;
				CLANG_CXX_LANGUAGE_STANDARD = "gnu++0x";
				CLANG_CXX_LIBRARY = "libc++";
				CLANG_ENABLE_MODULES = YES;
				CLANG_ENABLE_OBJC_ARC = YES;
				CLANG_WARN_BOOL_CONVERSION = YES;
				CLANG_WARN_CONSTANT_CONVERSION = YES;
				CLANG_WARN_DIRECT_OBJC_ISA_USAGE = YES_ERROR;
				CLANG_WARN_EMPTY_BODY = YES;
				CLANG_WARN_ENUM_CONVERSION = YES;
				CLANG_WARN_INT_CONVERSION = YES;
				CLANG_WARN_OBJC_ROOT_CLASS = YES_ERROR;
				CLANG_WARN_UNREACHABLE_CODE = YES;
				CLANG_WARN__DUPLICATE_METHOD_MATCH = YES;
				"CODE_SIGN_IDENTITY[sdk=iphoneos*]" = "iPhone Developer";
				COPY_PHASE_STRIP = NO;
				ENABLE_STRICT_OBJC_MSGSEND = YES;
				GCC_C_LANGUAGE_STANDARD = gnu99;
				GCC_DYNAMIC_NO_PIC = NO;
				GCC_OPTIMIZATION_LEVEL = 0;
				GCC_PREPROCESSOR_DEFINITIONS = (
					"DEBUG=1",
					"$(inherited)",
				);
				GCC_SYMBOLS_PRIVATE_EXTERN = NO;
				GCC_WARN_64_TO_32_BIT_CONVERSION = YES;
				GCC_WARN_ABOUT_RETURN_TYPE = YES_ERROR;
				GCC_WARN_UNDECLARED_SELECTOR = YES;
				GCC_WARN_UNINITIALIZED_AUTOS = YES_AGGRESSIVE;
				GCC_WARN_UNUSED_FUNCTION = YES;
				GCC_WARN_UNUSED_VARIABLE = YES;
				IPHONEOS_DEPLOYMENT_TARGET = 8.1;
				MTL_ENABLE_DEBUG_INFO = YES;
				ONLY_ACTIVE_ARCH = YES;
				SDKROOT = iphoneos;
				SWIFT_OPTIMIZATION_LEVEL = "-Onone";
			};
			name = Debug;
		};
		2C8A94A91AA7DD4600DBC564 /* Release */ = {
			isa = XCBuildConfiguration;
			buildSettings = {
				ALWAYS_SEARCH_USER_PATHS = NO;
				CLANG_CXX_LANGUAGE_STANDARD = "gnu++0x";
				CLANG_CXX_LIBRARY = "libc++";
				CLANG_ENABLE_MODULES = YES;
				CLANG_ENABLE_OBJC_ARC = YES;
				CLANG_WARN_BOOL_CONVERSION = YES;
				CLANG_WARN_CONSTANT_CONVERSION = YES;
				CLANG_WARN_DIRECT_OBJC_ISA_USAGE = YES_ERROR;
				CLANG_WARN_EMPTY_BODY = YES;
				CLANG_WARN_ENUM_CONVERSION = YES;
				CLANG_WARN_INT_CONVERSION = YES;
				CLANG_WARN_OBJC_ROOT_CLASS = YES_ERROR;
				CLANG_WARN_UNREACHABLE_CODE = YES;
				CLANG_WARN__DUPLICATE_METHOD_MATCH = YES;
				"CODE_SIGN_IDENTITY[sdk=iphoneos*]" = "iPhone Developer";
				COPY_PHASE_STRIP = YES;
				ENABLE_NS_ASSERTIONS = NO;
				ENABLE_STRICT_OBJC_MSGSEND = YES;
				GCC_C_LANGUAGE_STANDARD = gnu99;
				GCC_WARN_64_TO_32_BIT_CONVERSION = YES;
				GCC_WARN_ABOUT_RETURN_TYPE = YES_ERROR;
				GCC_WARN_UNDECLARED_SELECTOR = YES;
				GCC_WARN_UNINITIALIZED_AUTOS = YES_AGGRESSIVE;
				GCC_WARN_UNUSED_FUNCTION = YES;
				GCC_WARN_UNUSED_VARIABLE = YES;
				IPHONEOS_DEPLOYMENT_TARGET = 8.1;
				MTL_ENABLE_DEBUG_INFO = NO;
				SDKROOT = iphoneos;
				VALIDATE_PRODUCT = YES;
			};
			name = Release;
		};
		2C8A94AB1AA7DD4600DBC564 /* Debug */ = {
			isa = XCBuildConfiguration;
			buildSettings = {
				ASSETCATALOG_COMPILER_APPICON_NAME = AppIcon;
				INFOPLIST_FILE = FileViewer/Info.plist;
				LD_RUNPATH_SEARCH_PATHS = "$(inherited) @executable_path/Frameworks";
				PRODUCT_NAME = "$(TARGET_NAME)";
			};
			name = Debug;
		};
		2C8A94AC1AA7DD4600DBC564 /* Release */ = {
			isa = XCBuildConfiguration;
			buildSettings = {
				ASSETCATALOG_COMPILER_APPICON_NAME = AppIcon;
				INFOPLIST_FILE = FileViewer/Info.plist;
				LD_RUNPATH_SEARCH_PATHS = "$(inherited) @executable_path/Frameworks";
				PRODUCT_NAME = "$(TARGET_NAME)";
			};
			name = Release;
		};
		2C8A94AE1AA7DD4600DBC564 /* Debug */ = {
			isa = XCBuildConfiguration;
			buildSettings = {
				BUNDLE_LOADER = "$(TEST_HOST)";
				FRAMEWORK_SEARCH_PATHS = (
					"$(SDKROOT)/Developer/Library/Frameworks",
					"$(inherited)",
				);
				GCC_PREPROCESSOR_DEFINITIONS = (
					"DEBUG=1",
					"$(inherited)",
				);
				INFOPLIST_FILE = FileViewerTests/Info.plist;
				LD_RUNPATH_SEARCH_PATHS = "$(inherited) @executable_path/Frameworks @loader_path/Frameworks";
				PRODUCT_NAME = "$(TARGET_NAME)";
				TEST_HOST = "$(BUILT_PRODUCTS_DIR)/FileViewer.app/FileViewer";
			};
			name = Debug;
		};
		2C8A94AF1AA7DD4600DBC564 /* Release */ = {
			isa = XCBuildConfiguration;
			buildSettings = {
				BUNDLE_LOADER = "$(TEST_HOST)";
				FRAMEWORK_SEARCH_PATHS = (
					"$(SDKROOT)/Developer/Library/Frameworks",
					"$(inherited)",
				);
				INFOPLIST_FILE = FileViewerTests/Info.plist;
				LD_RUNPATH_SEARCH_PATHS = "$(inherited) @executable_path/Frameworks @loader_path/Frameworks";
				PRODUCT_NAME = "$(TARGET_NAME)";
				TEST_HOST = "$(BUILT_PRODUCTS_DIR)/FileViewer.app/FileViewer";
			};
			name = Release;
		};
/* End XCBuildConfiguration section */

/* Begin XCConfigurationList section */
		2C8A94861AA7DD4600DBC564 /* Build configuration list for PBXProject "FileViewer" */ = {
			isa = XCConfigurationList;
			buildConfigurations = (
				2C8A94A81AA7DD4600DBC564 /* Debug */,
				2C8A94A91AA7DD4600DBC564 /* Release */,
			);
			defaultConfigurationIsVisible = 0;
			defaultConfigurationName = Release;
		};
		2C8A94AA1AA7DD4600DBC564 /* Build configuration list for PBXNativeTarget "FileViewer" */ = {
			isa = XCConfigurationList;
			buildConfigurations = (
				2C8A94AB1AA7DD4600DBC564 /* Debug */,
				2C8A94AC1AA7DD4600DBC564 /* Release */,
			);
			defaultConfigurationIsVisible = 0;
		};
		2C8A94AD1AA7DD4600DBC564 /* Build configuration list for PBXNativeTarget "FileViewerTests" */ = {
			isa = XCConfigurationList;
			buildConfigurations = (
				2C8A94AE1AA7DD4600DBC564 /* Debug */,
				2C8A94AF1AA7DD4600DBC564 /* Release */,
			);
			defaultConfigurationIsVisible = 0;
		};
/* End XCConfigurationList section */
	};
	rootObject = 2C8A94831AA7DD4600DBC564 /* Project object */;
}
